
Microsoft Visual Studio Solution File, Format Version 12.00
# Visual Studio Version 16
VisualStudioVersion = 16.0.31129.286
MinimumVisualStudioVersion = 10.0.40219.1
Project("{9A19103F-16F7-4668-BE54-9A1E7A4F7556}") = "TransityEasy.Api", "TransityEasy.Api\TransityEasy.Api.csproj", "{33371CB5-7BFD-484E-A110-B8FE461DD6E8}"
EndProject
Project("{9A19103F-16F7-4668-BE54-9A1E7A4F7556}") = "TransityEasy.Api.Core", "TransityEasy.Api.Core\TransityEasy.Api.Core.csproj", "{F39B178E-7464-4D1F-9D16-1B19A199EA75}"
EndProject
Project("{2150E333-8FDC-42A3-9474-1A3956D46DE8}") = "Solution Items", "Solution Items", "{DB95FB80-6F4B-4EBC-BCF0-754F5F8D495E}"
EndProject
Project("{9A19103F-16F7-4668-BE54-9A1E7A4F7556}") = "TransitEasy.Api.Core.Tests", "TransitEasy.Api.Core.Tests\TransitEasy.Api.Core.Tests.csproj", "{659DDA00-170F-45FF-843A-4A5712ABFCBA}"
EndProject
Global
	GlobalSection(SolutionConfigurationPlatforms) = preSolution
		Debug|Any CPU = Debug|Any CPU
		Release|Any CPU = Release|Any CPU
	EndGlobalSection
	GlobalSection(ProjectConfigurationPlatforms) = postSolution
		{33371CB5-7BFD-484E-A110-B8FE461DD6E8}.Debug|Any CPU.ActiveCfg = Debug|Any CPU
		{33371CB5-7BFD-484E-A110-B8FE461DD6E8}.Debug|Any CPU.Build.0 = Debug|Any CPU
		{33371CB5-7BFD-484E-A110-B8FE461DD6E8}.Release|Any CPU.ActiveCfg = Release|Any CPU
		{33371CB5-7BFD-484E-A110-B8FE461DD6E8}.Release|Any CPU.Build.0 = Release|Any CPU
		{F39B178E-7464-4D1F-9D16-1B19A199EA75}.Debug|Any CPU.ActiveCfg = Debug|Any CPU
		{F39B178E-7464-4D1F-9D16-1B19A199EA75}.Debug|Any CPU.Build.0 = Debug|Any CPU
		{F39B178E-7464-4D1F-9D16-1B19A199EA75}.Release|Any CPU.ActiveCfg = Release|Any CPU
		{F39B178E-7464-4D1F-9D16-1B19A199EA75}.Release|Any CPU.Build.0 = Release|Any CPU
		{659DDA00-170F-45FF-843A-4A5712ABFCBA}.Debug|Any CPU.ActiveCfg = Debug|Any CPU
		{659DDA00-170F-45FF-843A-4A5712ABFCBA}.Debug|Any CPU.Build.0 = Debug|Any CPU
		{659DDA00-170F-45FF-843A-4A5712ABFCBA}.Release|Any CPU.ActiveCfg = Release|Any CPU
		{659DDA00-170F-45FF-843A-4A5712ABFCBA}.Release|Any CPU.Build.0 = Release|Any CPU
	EndGlobalSection
	GlobalSection(SolutionProperties) = preSolution
		HideSolutionNode = FALSE
	EndGlobalSection
	GlobalSection(ExtensibilityGlobals) = postSolution
		SolutionGuid = {EC221FEA-5172-4E64-893D-91E78004F504}
	EndGlobalSection
EndGlobal
